
Microsoft Visual Studio Solution File, Format Version 12.00
# Visual Studio Version 17
VisualStudioVersion = 17.4.33213.308
MinimumVisualStudioVersion = 10.0.40219.1
Project("{FAE04EC0-301F-11D3-BF4B-00C04F79EFBC}") = "ClubTraxUtilityPrograms", "ClubTraxUtilityPrograms\ClubTraxUtilityPrograms.csproj", "{1B950E4C-E8DA-47A7-AD93-1E07544A24D5}"
EndProject
Global
	GlobalSection(SolutionConfigurationPlatforms) = preSolution
		Debug|Any CPU = Debug|Any CPU
		Release|Any CPU = Release|Any CPU
	EndGlobalSection
	GlobalSection(ProjectConfigurationPlatforms) = postSolution
		{1B950E4C-E8DA-47A7-AD93-1E07544A24D5}.Debug|Any CPU.ActiveCfg = Debug|Any CPU
		{1B950E4C-E8DA-47A7-AD93-1E07544A24D5}.Debug|Any CPU.Build.0 = Debug|Any CPU
		{1B950E4C-E8DA-47A7-AD93-1E07544A24D5}.Release|Any CPU.ActiveCfg = Release|Any CPU
		{1B950E4C-E8DA-47A7-AD93-1E07544A24D5}.Release|Any CPU.Build.0 = Release|Any CPU
	EndGlobalSection
	GlobalSection(SolutionProperties) = preSolution
		HideSolutionNode = FALSE
	EndGlobalSection
	GlobalSection(ExtensibilityGlobals) = postSolution
		SolutionGuid = {4ABCB445-8241-497E-9107-F79256E0331C}
	EndGlobalSection
EndGlobal
